
Microsoft Visual Studio Solution File, Format Version 12.00
# Visual Studio 15
VisualStudioVersion = 15.0.33529.398
MinimumVisualStudioVersion = 10.0.40219.1
Project("{FAE04EC0-301F-11D3-BF4B-00C04F79EFBC}") = "WebBundle", "WebBundle\WebBundle.csproj", "{143FB03D-20BE-4D0A-999B-9275749F9DF3}"
EndProject
Global
	GlobalSection(SolutionConfigurationPlatforms) = preSolution
		Debug|Any CPU = Debug|Any CPU
		Release|Any CPU = Release|Any CPU
	EndGlobalSection
	GlobalSection(ProjectConfigurationPlatforms) = postSolution
		{143FB03D-20BE-4D0A-999B-9275749F9DF3}.Debug|Any CPU.ActiveCfg = Debug|Any CPU
		{143FB03D-20BE-4D0A-999B-9275749F9DF3}.Debug|Any CPU.Build.0 = Debug|Any CPU
		{143FB03D-20BE-4D0A-999B-9275749F9DF3}.Release|Any CPU.ActiveCfg = Release|Any CPU
		{143FB03D-20BE-4D0A-999B-9275749F9DF3}.Release|Any CPU.Build.0 = Release|Any CPU
	EndGlobalSection
	GlobalSection(SolutionProperties) = preSolution
		HideSolutionNode = FALSE
	EndGlobalSection
	GlobalSection(ExtensibilityGlobals) = postSolution
		SolutionGuid = {1CB01480-5BB9-4E94-8C0B-112360DCF0BE}
	EndGlobalSection
EndGlobal
