
Microsoft Visual Studio Solution File, Format Version 12.00
# Visual Studio Version 17
VisualStudioVersion = 17.6.33723.286
MinimumVisualStudioVersion = 10.0.40219.1
Project("{FAE04EC0-301F-11D3-BF4B-00C04F79EFBC}") = "WebBundle", "WebBundle\WebBundle.csproj", "{143FB03D-20BE-4D0A-999B-9275749F9DF3}"
EndProject
Project("{FAE04EC0-301F-11D3-BF4B-00C04F79EFBC}") = "WebAPI", "WebAPI\WebAPI.csproj", "{D9DFD4CA-3F05-474A-8FA6-12367C2BEF1D}"
EndProject
Global
	GlobalSection(SolutionConfigurationPlatforms) = preSolution
		Debug|Any CPU = Debug|Any CPU
		Release|Any CPU = Release|Any CPU
	EndGlobalSection
	GlobalSection(ProjectConfigurationPlatforms) = postSolution
		{143FB03D-20BE-4D0A-999B-9275749F9DF3}.Debug|Any CPU.ActiveCfg = Debug|Any CPU
		{143FB03D-20BE-4D0A-999B-9275749F9DF3}.Debug|Any CPU.Build.0 = Debug|Any CPU
		{143FB03D-20BE-4D0A-999B-9275749F9DF3}.Release|Any CPU.ActiveCfg = Release|Any CPU
		{143FB03D-20BE-4D0A-999B-9275749F9DF3}.Release|Any CPU.Build.0 = Release|Any CPU
		{D9DFD4CA-3F05-474A-8FA6-12367C2BEF1D}.Debug|Any CPU.ActiveCfg = Debug|Any CPU
		{D9DFD4CA-3F05-474A-8FA6-12367C2BEF1D}.Debug|Any CPU.Build.0 = Debug|Any CPU
		{D9DFD4CA-3F05-474A-8FA6-12367C2BEF1D}.Release|Any CPU.ActiveCfg = Release|Any CPU
		{D9DFD4CA-3F05-474A-8FA6-12367C2BEF1D}.Release|Any CPU.Build.0 = Release|Any CPU
	EndGlobalSection
	GlobalSection(SolutionProperties) = preSolution
		HideSolutionNode = FALSE
	EndGlobalSection
	GlobalSection(ExtensibilityGlobals) = postSolution
		SolutionGuid = {1CB01480-5BB9-4E94-8C0B-112360DCF0BE}
	EndGlobalSection
EndGlobal
